
Microsoft Visual Studio Solution File, Format Version 12.00
# Visual Studio 15
VisualStudioVersion = 15.0.27703.2000
MinimumVisualStudioVersion = 10.0.40219.1
Project("{FAE04EC0-301F-11D3-BF4B-00C04F79EFBC}") = "IpConsole", "IpConsole\IpConsole.csproj", "{A54003FA-728B-4553-B193-5347D9799133}"
EndProject
Global
	GlobalSection(SolutionConfigurationPlatforms) = preSolution
		Debug|Any CPU = Debug|Any CPU
		Release|Any CPU = Release|Any CPU
	EndGlobalSection
	GlobalSection(ProjectConfigurationPlatforms) = postSolution
		{A54003FA-728B-4553-B193-5347D9799133}.Debug|Any CPU.ActiveCfg = Debug|Any CPU
		{A54003FA-728B-4553-B193-5347D9799133}.Debug|Any CPU.Build.0 = Debug|Any CPU
		{A54003FA-728B-4553-B193-5347D9799133}.Release|Any CPU.ActiveCfg = Release|Any CPU
		{A54003FA-728B-4553-B193-5347D9799133}.Release|Any CPU.Build.0 = Release|Any CPU
	EndGlobalSection
	GlobalSection(SolutionProperties) = preSolution
		HideSolutionNode = FALSE
	EndGlobalSection
	GlobalSection(ExtensibilityGlobals) = postSolution
		SolutionGuid = {D1D9D1B9-A418-4174-8080-92153D3CDE8C}
	EndGlobalSection
EndGlobal
